
Microsoft Visual Studio Solution File, Format Version 12.00
# Visual Studio Version 17
VisualStudioVersion = 17.0.32112.339
MinimumVisualStudioVersion = 10.0.40219.1
Project("{9A19103F-16F7-4668-BE54-9A1E7A4F7556}") = "Les01", "Les01\Les01.csproj", "{437CA3C9-4E0E-4730-B6B3-17090B9955B1}"
EndProject
Project("{9A19103F-16F7-4668-BE54-9A1E7A4F7556}") = "PrFindOfNum", "PrFindOfNum\PrFindOfNum.csproj", "{78BEF54C-39FB-4B65-8EC9-B8D9CE84467C}"
EndProject
Project("{9A19103F-16F7-4668-BE54-9A1E7A4F7556}") = "Les02", "Les02\Les02.csproj", "{2F0CCFFD-4E8E-418F-A0B6-E1E74641E274}"
EndProject
Project("{FAE04EC0-301F-11D3-BF4B-00C04F79EFBC}") = "Les03", "Les03\Les03.csproj", "{FF5F116B-9B7A-4C16-86C1-0E2C5667BF39}"
EndProject
Project("{FAE04EC0-301F-11D3-BF4B-00C04F79EFBC}") = "Les04", "Les4\Les04.csproj", "{BE66D663-1D91-4613-9080-B8D18278F316}"
EndProject
Project("{FAE04EC0-301F-11D3-BF4B-00C04F79EFBC}") = "Les05", "Les05\Les05.csproj", "{3784D072-CE77-4F27-AC97-1D64B0D51017}"
EndProject
Project("{9A19103F-16F7-4668-BE54-9A1E7A4F7556}") = "PrTime", "PrTime\PrTime.csproj", "{A2302B13-E430-4791-8CE4-A5DBCBAB093E}"
EndProject
Project("{9A19103F-16F7-4668-BE54-9A1E7A4F7556}") = "Les06", "Les06\Les06.csproj", "{D78C34E6-0DFE-4036-9748-867DDB878FD4}"
EndProject
Project("{9A19103F-16F7-4668-BE54-9A1E7A4F7556}") = "ConsoleTest", "ConsoleTest\ConsoleTest.csproj", "{E298EF28-260B-4985-BAF7-5E550512F186}"
EndProject
Project("{9A19103F-16F7-4668-BE54-9A1E7A4F7556}") = "Les07", "Les07\Les07.csproj", "{334B71FE-9420-403E-9207-996617CA7771}"
EndProject
Project("{9A19103F-16F7-4668-BE54-9A1E7A4F7556}") = "Les08", "Les8\Les08.csproj", "{ADFDE73A-A57E-4898-A300-5D9791769721}"
EndProject
Project("{FAE04EC0-301F-11D3-BF4B-00C04F79EFBC}") = "Les08WF", "Les8WF\Les08WF.csproj", "{1122E607-F5A8-4B1F-8914-6C879AAB9157}"
EndProject
Project("{9A19103F-16F7-4668-BE54-9A1E7A4F7556}") = "Les09WF", "Les9WF\Les09WF.csproj", "{64D6C99F-0341-4BA2-82DC-C9E2A7AA04D8}"
EndProject
Project("{9A19103F-16F7-4668-BE54-9A1E7A4F7556}") = "Les10WF", "Les10WF\Les10WF.csproj", "{4DBB16A6-0745-47AC-9AF5-6DE0034D0060}"
EndProject
Project("{9A19103F-16F7-4668-BE54-9A1E7A4F7556}") = "Les11", "Les11\Les11.csproj", "{CC1F1EE4-D516-41F1-82E8-0087C6C278DE}"
EndProject
Project("{9A19103F-16F7-4668-BE54-9A1E7A4F7556}") = "01TelegramBot", "01TelegramBot\01TelegramBot.csproj", "{085112DE-F675-491C-BCC0-73F4CBDD4D72}"
EndProject
Project("{9A19103F-16F7-4668-BE54-9A1E7A4F7556}") = "02TelegramBot", "02TelegramBot\02TelegramBot.csproj", "{E291F3E4-A4C0-43AF-B953-33FD51C42D12}"
EndProject
Project("{9A19103F-16F7-4668-BE54-9A1E7A4F7556}") = "Test", "Test\Test.csproj", "{892095A5-B3CE-4215-83E5-E88A2F480B0C}"
EndProject
Project("{9A19103F-16F7-4668-BE54-9A1E7A4F7556}") = "03TelegramBot", "03TelegramBot\03TelegramBot.csproj", "{2C91B6E1-492D-497A-BB30-9A00D26C5DA0}"
EndProject
Project("{9A19103F-16F7-4668-BE54-9A1E7A4F7556}") = "WebTelegramBot01", "WebTelegramBot01\WebTelegramBot01.csproj", "{E17C0AF9-B7F9-4139-A204-A23341558AEC}"
EndProject
Project("{9A19103F-16F7-4668-BE54-9A1E7A4F7556}") = "04TelegramBot", "04TelegramBot\04TelegramBot.csproj", "{3200F60B-A1F8-4997-97FB-243451A8A4DD}"
EndProject
Project("{9A19103F-16F7-4668-BE54-9A1E7A4F7556}") = "WebTest", "WebTest\WebTest.csproj", "{E7D5722A-CB49-4716-ADC8-17EA8E23700B}"
EndProject
Project("{9A19103F-16F7-4668-BE54-9A1E7A4F7556}") = "05TelegramBot", "05TelegramBot\05TelegramBot.csproj", "{6CEDC82D-00AA-44F5-AB72-64BF85922C69}"
EndProject
Project("{9A19103F-16F7-4668-BE54-9A1E7A4F7556}") = "Les12WF", "WFLes12\Les12WF.csproj", "{5ACCA601-7EEB-4C82-A607-90FCFE8E1A39}"
EndProject
Project("{9A19103F-16F7-4668-BE54-9A1E7A4F7556}") = "Les13", "Les13\Les13.csproj", "{96BBB9A9-81F7-4023-84F8-5D68C9C23CE4}"
EndProject
Project("{9A19103F-16F7-4668-BE54-9A1E7A4F7556}") = "Les14", "Les14\Les14.csproj", "{3409CA45-07CF-48A1-AE2E-AE04F26F4CD4}"
EndProject
Project("{9A19103F-16F7-4668-BE54-9A1E7A4F7556}") = "Les15", "Les15\Les15.csproj", "{7A17DEEC-E658-4777-9987-75799FAD2050}"
EndProject
Project("{9A19103F-16F7-4668-BE54-9A1E7A4F7556}") = "06TelegramBot", "TelegramBot06\06TelegramBot.csproj", "{57B18F48-901C-4DB4-9A08-2AE70D8DA569}"
EndProject
Project("{9A19103F-16F7-4668-BE54-9A1E7A4F7556}") = "ProjectPaint", "ProjectPaint\ProjectPaint.csproj", "{3F68459E-5367-4696-A128-162148F919D9}"
EndProject
Project("{9A19103F-16F7-4668-BE54-9A1E7A4F7556}") = "Les16WPF", "Les16WPF\Les16WPF.csproj", "{48A4FDC3-2097-4EBB-9E65-CAD2B27A8240}"
EndProject
Project("{9A19103F-16F7-4668-BE54-9A1E7A4F7556}") = "Les17WPF", "Les17WPF\Les17WPF.csproj", "{6BD3114E-6D96-499E-AE6D-E2423D5D813A}"
EndProject
Project("{FAE04EC0-301F-11D3-BF4B-00C04F79EFBC}") = "MobileApp1.Android", "MobileApp1\MobileApp1.Android\MobileApp1.Android.csproj", "{2B20A4FE-16AE-40B3-9694-27663B05AF03}"
EndProject
Project("{FAE04EC0-301F-11D3-BF4B-00C04F79EFBC}") = "MobileApp1.iOS", "MobileApp1\MobileApp1.iOS\MobileApp1.iOS.csproj", "{040F8F45-D5C6-41D9-8F9C-E4620671D4DC}"
EndProject
Project("{9A19103F-16F7-4668-BE54-9A1E7A4F7556}") = "MobileApp1", "MobileApp1\MobileApp1\MobileApp1.csproj", "{A6D6C0DD-633C-42E0-BBEB-0943DCD9BC57}"
EndProject
Project("{FAE04EC0-301F-11D3-BF4B-00C04F79EFBC}") = "MobileApp2.Android", "MobileApp2\MobileApp2.Android\MobileApp2.Android.csproj", "{DBD5EB8A-0722-4705-AE9D-32D43CA3D163}"
EndProject
Project("{9A19103F-16F7-4668-BE54-9A1E7A4F7556}") = "MobileApp2", "MobileApp2\MobileApp2\MobileApp2.csproj", "{26B9D2E2-49A6-4060-9DC5-50963C9D978A}"
EndProject
Project("{9A19103F-16F7-4668-BE54-9A1E7A4F7556}") = "HappyNewYear", "HappyNewYear\HappyNewYear.csproj", "{1FA69712-B50A-4B6F-B054-31E216FC70BE}"
EndProject
Project("{FAE04EC0-301F-11D3-BF4B-00C04F79EFBC}") = "MobileApp3.Android", "MobileApp3\MobileApp3.Android\MobileApp3.Android.csproj", "{CF6D202F-B7BB-4FB3-AAE9-8F53EF8B1573}"
EndProject
Project("{FAE04EC0-301F-11D3-BF4B-00C04F79EFBC}") = "MobileApp3.iOS", "MobileApp3\MobileApp3.iOS\MobileApp3.iOS.csproj", "{662CDCA7-5750-4FFC-BD10-8E4E3F17950A}"
EndProject
Project("{FAE04EC0-301F-11D3-BF4B-00C04F79EFBC}") = "MobileApp3", "MobileApp3\MobileApp3\MobileApp3.csproj", "{DA05D0CE-85F9-44D1-8827-D195F2AABCBE}"
EndProject
Global
	GlobalSection(SolutionConfigurationPlatforms) = preSolution
		Debug|Any CPU = Debug|Any CPU
		Debug|iPhone = Debug|iPhone
		Debug|iPhoneSimulator = Debug|iPhoneSimulator
		Release|Any CPU = Release|Any CPU
		Release|iPhone = Release|iPhone
		Release|iPhoneSimulator = Release|iPhoneSimulator
	EndGlobalSection
	GlobalSection(ProjectConfigurationPlatforms) = postSolution
		{437CA3C9-4E0E-4730-B6B3-17090B9955B1}.Debug|Any CPU.ActiveCfg = Debug|Any CPU
		{437CA3C9-4E0E-4730-B6B3-17090B9955B1}.Debug|Any CPU.Build.0 = Debug|Any CPU
		{437CA3C9-4E0E-4730-B6B3-17090B9955B1}.Debug|iPhone.ActiveCfg = Debug|Any CPU
		{437CA3C9-4E0E-4730-B6B3-17090B9955B1}.Debug|iPhone.Build.0 = Debug|Any CPU
		{437CA3C9-4E0E-4730-B6B3-17090B9955B1}.Debug|iPhoneSimulator.ActiveCfg = Debug|Any CPU
		{437CA3C9-4E0E-4730-B6B3-17090B9955B1}.Debug|iPhoneSimulator.Build.0 = Debug|Any CPU
		{437CA3C9-4E0E-4730-B6B3-17090B9955B1}.Release|Any CPU.ActiveCfg = Release|Any CPU
		{437CA3C9-4E0E-4730-B6B3-17090B9955B1}.Release|Any CPU.Build.0 = Release|Any CPU
		{437CA3C9-4E0E-4730-B6B3-17090B9955B1}.Release|iPhone.ActiveCfg = Release|Any CPU
		{437CA3C9-4E0E-4730-B6B3-17090B9955B1}.Release|iPhone.Build.0 = Release|Any CPU
		{437CA3C9-4E0E-4730-B6B3-17090B9955B1}.Release|iPhoneSimulator.ActiveCfg = Release|Any CPU
		{437CA3C9-4E0E-4730-B6B3-17090B9955B1}.Release|iPhoneSimulator.Build.0 = Release|Any CPU
		{78BEF54C-39FB-4B65-8EC9-B8D9CE84467C}.Debug|Any CPU.ActiveCfg = Debug|Any CPU
		{78BEF54C-39FB-4B65-8EC9-B8D9CE84467C}.Debug|Any CPU.Build.0 = Debug|Any CPU
		{78BEF54C-39FB-4B65-8EC9-B8D9CE84467C}.Debug|iPhone.ActiveCfg = Debug|Any CPU
		{78BEF54C-39FB-4B65-8EC9-B8D9CE84467C}.Debug|iPhone.Build.0 = Debug|Any CPU
		{78BEF54C-39FB-4B65-8EC9-B8D9CE84467C}.Debug|iPhoneSimulator.ActiveCfg = Debug|Any CPU
		{78BEF54C-39FB-4B65-8EC9-B8D9CE84467C}.Debug|iPhoneSimulator.Build.0 = Debug|Any CPU
		{78BEF54C-39FB-4B65-8EC9-B8D9CE84467C}.Release|Any CPU.ActiveCfg = Release|Any CPU
		{78BEF54C-39FB-4B65-8EC9-B8D9CE84467C}.Release|Any CPU.Build.0 = Release|Any CPU
		{78BEF54C-39FB-4B65-8EC9-B8D9CE84467C}.Release|iPhone.ActiveCfg = Release|Any CPU
		{78BEF54C-39FB-4B65-8EC9-B8D9CE84467C}.Release|iPhone.Build.0 = Release|Any CPU
		{78BEF54C-39FB-4B65-8EC9-B8D9CE84467C}.Release|iPhoneSimulator.ActiveCfg = Release|Any CPU
		{78BEF54C-39FB-4B65-8EC9-B8D9CE84467C}.Release|iPhoneSimulator.Build.0 = Release|Any CPU
		{2F0CCFFD-4E8E-418F-A0B6-E1E74641E274}.Debug|Any CPU.ActiveCfg = Debug|Any CPU
		{2F0CCFFD-4E8E-418F-A0B6-E1E74641E274}.Debug|Any CPU.Build.0 = Debug|Any CPU
		{2F0CCFFD-4E8E-418F-A0B6-E1E74641E274}.Debug|iPhone.ActiveCfg = Debug|Any CPU
		{2F0CCFFD-4E8E-418F-A0B6-E1E74641E274}.Debug|iPhone.Build.0 = Debug|Any CPU
		{2F0CCFFD-4E8E-418F-A0B6-E1E74641E274}.Debug|iPhoneSimulator.ActiveCfg = Debug|Any CPU
		{2F0CCFFD-4E8E-418F-A0B6-E1E74641E274}.Debug|iPhoneSimulator.Build.0 = Debug|Any CPU
		{2F0CCFFD-4E8E-418F-A0B6-E1E74641E274}.Release|Any CPU.ActiveCfg = Release|Any CPU
		{2F0CCFFD-4E8E-418F-A0B6-E1E74641E274}.Release|Any CPU.Build.0 = Release|Any CPU
		{2F0CCFFD-4E8E-418F-A0B6-E1E74641E274}.Release|iPhone.ActiveCfg = Release|Any CPU
		{2F0CCFFD-4E8E-418F-A0B6-E1E74641E274}.Release|iPhone.Build.0 = Release|Any CPU
		{2F0CCFFD-4E8E-418F-A0B6-E1E74641E274}.Release|iPhoneSimulator.ActiveCfg = Release|Any CPU
		{2F0CCFFD-4E8E-418F-A0B6-E1E74641E274}.Release|iPhoneSimulator.Build.0 = Release|Any CPU
		{FF5F116B-9B7A-4C16-86C1-0E2C5667BF39}.Debug|Any CPU.ActiveCfg = Debug|Any CPU
		{FF5F116B-9B7A-4C16-86C1-0E2C5667BF39}.Debug|Any CPU.Build.0 = Debug|Any CPU
		{FF5F116B-9B7A-4C16-86C1-0E2C5667BF39}.Debug|iPhone.ActiveCfg = Debug|Any CPU
		{FF5F116B-9B7A-4C16-86C1-0E2C5667BF39}.Debug|iPhone.Build.0 = Debug|Any CPU
		{FF5F116B-9B7A-4C16-86C1-0E2C5667BF39}.Debug|iPhoneSimulator.ActiveCfg = Debug|Any CPU
		{FF5F116B-9B7A-4C16-86C1-0E2C5667BF39}.Debug|iPhoneSimulator.Build.0 = Debug|Any CPU
		{FF5F116B-9B7A-4C16-86C1-0E2C5667BF39}.Release|Any CPU.ActiveCfg = Release|Any CPU
		{FF5F116B-9B7A-4C16-86C1-0E2C5667BF39}.Release|Any CPU.Build.0 = Release|Any CPU
		{FF5F116B-9B7A-4C16-86C1-0E2C5667BF39}.Release|iPhone.ActiveCfg = Release|Any CPU
		{FF5F116B-9B7A-4C16-86C1-0E2C5667BF39}.Release|iPhone.Build.0 = Release|Any CPU
		{FF5F116B-9B7A-4C16-86C1-0E2C5667BF39}.Release|iPhoneSimulator.ActiveCfg = Release|Any CPU
		{FF5F116B-9B7A-4C16-86C1-0E2C5667BF39}.Release|iPhoneSimulator.Build.0 = Release|Any CPU
		{BE66D663-1D91-4613-9080-B8D18278F316}.Debug|Any CPU.ActiveCfg = Debug|Any CPU
		{BE66D663-1D91-4613-9080-B8D18278F316}.Debug|Any CPU.Build.0 = Debug|Any CPU
		{BE66D663-1D91-4613-9080-B8D18278F316}.Debug|iPhone.ActiveCfg = Debug|Any CPU
		{BE66D663-1D91-4613-9080-B8D18278F316}.Debug|iPhone.Build.0 = Debug|Any CPU
		{BE66D663-1D91-4613-9080-B8D18278F316}.Debug|iPhoneSimulator.ActiveCfg = Debug|Any CPU
		{BE66D663-1D91-4613-9080-B8D18278F316}.Debug|iPhoneSimulator.Build.0 = Debug|Any CPU
		{BE66D663-1D91-4613-9080-B8D18278F316}.Release|Any CPU.ActiveCfg = Release|Any CPU
		{BE66D663-1D91-4613-9080-B8D18278F316}.Release|Any CPU.Build.0 = Release|Any CPU
		{BE66D663-1D91-4613-9080-B8D18278F316}.Release|iPhone.ActiveCfg = Release|Any CPU
		{BE66D663-1D91-4613-9080-B8D18278F316}.Release|iPhone.Build.0 = Release|Any CPU
		{BE66D663-1D91-4613-9080-B8D18278F316}.Release|iPhoneSimulator.ActiveCfg = Release|Any CPU
		{BE66D663-1D91-4613-9080-B8D18278F316}.Release|iPhoneSimulator.Build.0 = Release|Any CPU
		{3784D072-CE77-4F27-AC97-1D64B0D51017}.Debug|Any CPU.ActiveCfg = Debug|Any CPU
		{3784D072-CE77-4F27-AC97-1D64B0D51017}.Debug|Any CPU.Build.0 = Debug|Any CPU
		{3784D072-CE77-4F27-AC97-1D64B0D51017}.Debug|iPhone.ActiveCfg = Debug|Any CPU
		{3784D072-CE77-4F27-AC97-1D64B0D51017}.Debug|iPhone.Build.0 = Debug|Any CPU
		{3784D072-CE77-4F27-AC97-1D64B0D51017}.Debug|iPhoneSimulator.ActiveCfg = Debug|Any CPU
		{3784D072-CE77-4F27-AC97-1D64B0D51017}.Debug|iPhoneSimulator.Build.0 = Debug|Any CPU
		{3784D072-CE77-4F27-AC97-1D64B0D51017}.Release|Any CPU.ActiveCfg = Release|Any CPU
		{3784D072-CE77-4F27-AC97-1D64B0D51017}.Release|Any CPU.Build.0 = Release|Any CPU
		{3784D072-CE77-4F27-AC97-1D64B0D51017}.Release|iPhone.ActiveCfg = Release|Any CPU
		{3784D072-CE77-4F27-AC97-1D64B0D51017}.Release|iPhone.Build.0 = Release|Any CPU
		{3784D072-CE77-4F27-AC97-1D64B0D51017}.Release|iPhoneSimulator.ActiveCfg = Release|Any CPU
		{3784D072-CE77-4F27-AC97-1D64B0D51017}.Release|iPhoneSimulator.Build.0 = Release|Any CPU
		{A2302B13-E430-4791-8CE4-A5DBCBAB093E}.Debug|Any CPU.ActiveCfg = Debug|Any CPU
		{A2302B13-E430-4791-8CE4-A5DBCBAB093E}.Debug|Any CPU.Build.0 = Debug|Any CPU
		{A2302B13-E430-4791-8CE4-A5DBCBAB093E}.Debug|iPhone.ActiveCfg = Debug|Any CPU
		{A2302B13-E430-4791-8CE4-A5DBCBAB093E}.Debug|iPhone.Build.0 = Debug|Any CPU
		{A2302B13-E430-4791-8CE4-A5DBCBAB093E}.Debug|iPhoneSimulator.ActiveCfg = Debug|Any CPU
		{A2302B13-E430-4791-8CE4-A5DBCBAB093E}.Debug|iPhoneSimulator.Build.0 = Debug|Any CPU
		{A2302B13-E430-4791-8CE4-A5DBCBAB093E}.Release|Any CPU.ActiveCfg = Release|Any CPU
		{A2302B13-E430-4791-8CE4-A5DBCBAB093E}.Release|Any CPU.Build.0 = Release|Any CPU
		{A2302B13-E430-4791-8CE4-A5DBCBAB093E}.Release|iPhone.ActiveCfg = Release|Any CPU
		{A2302B13-E430-4791-8CE4-A5DBCBAB093E}.Release|iPhone.Build.0 = Release|Any CPU
		{A2302B13-E430-4791-8CE4-A5DBCBAB093E}.Release|iPhoneSimulator.ActiveCfg = Release|Any CPU
		{A2302B13-E430-4791-8CE4-A5DBCBAB093E}.Release|iPhoneSimulator.Build.0 = Release|Any CPU
		{D78C34E6-0DFE-4036-9748-867DDB878FD4}.Debug|Any CPU.ActiveCfg = Debug|Any CPU
		{D78C34E6-0DFE-4036-9748-867DDB878FD4}.Debug|Any CPU.Build.0 = Debug|Any CPU
		{D78C34E6-0DFE-4036-9748-867DDB878FD4}.Debug|iPhone.ActiveCfg = Debug|Any CPU
		{D78C34E6-0DFE-4036-9748-867DDB878FD4}.Debug|iPhone.Build.0 = Debug|Any CPU
		{D78C34E6-0DFE-4036-9748-867DDB878FD4}.Debug|iPhoneSimulator.ActiveCfg = Debug|Any CPU
		{D78C34E6-0DFE-4036-9748-867DDB878FD4}.Debug|iPhoneSimulator.Build.0 = Debug|Any CPU
		{D78C34E6-0DFE-4036-9748-867DDB878FD4}.Release|Any CPU.ActiveCfg = Release|Any CPU
		{D78C34E6-0DFE-4036-9748-867DDB878FD4}.Release|Any CPU.Build.0 = Release|Any CPU
		{D78C34E6-0DFE-4036-9748-867DDB878FD4}.Release|iPhone.ActiveCfg = Release|Any CPU
		{D78C34E6-0DFE-4036-9748-867DDB878FD4}.Release|iPhone.Build.0 = Release|Any CPU
		{D78C34E6-0DFE-4036-9748-867DDB878FD4}.Release|iPhoneSimulator.ActiveCfg = Release|Any CPU
		{D78C34E6-0DFE-4036-9748-867DDB878FD4}.Release|iPhoneSimulator.Build.0 = Release|Any CPU
		{E298EF28-260B-4985-BAF7-5E550512F186}.Debug|Any CPU.ActiveCfg = Debug|Any CPU
		{E298EF28-260B-4985-BAF7-5E550512F186}.Debug|Any CPU.Build.0 = Debug|Any CPU
		{E298EF28-260B-4985-BAF7-5E550512F186}.Debug|iPhone.ActiveCfg = Debug|Any CPU
		{E298EF28-260B-4985-BAF7-5E550512F186}.Debug|iPhone.Build.0 = Debug|Any CPU
		{E298EF28-260B-4985-BAF7-5E550512F186}.Debug|iPhoneSimulator.ActiveCfg = Debug|Any CPU
		{E298EF28-260B-4985-BAF7-5E550512F186}.Debug|iPhoneSimulator.Build.0 = Debug|Any CPU
		{E298EF28-260B-4985-BAF7-5E550512F186}.Release|Any CPU.ActiveCfg = Release|Any CPU
		{E298EF28-260B-4985-BAF7-5E550512F186}.Release|Any CPU.Build.0 = Release|Any CPU
		{E298EF28-260B-4985-BAF7-5E550512F186}.Release|iPhone.ActiveCfg = Release|Any CPU
		{E298EF28-260B-4985-BAF7-5E550512F186}.Release|iPhone.Build.0 = Release|Any CPU
		{E298EF28-260B-4985-BAF7-5E550512F186}.Release|iPhoneSimulator.ActiveCfg = Release|Any CPU
		{E298EF28-260B-4985-BAF7-5E550512F186}.Release|iPhoneSimulator.Build.0 = Release|Any CPU
		{334B71FE-9420-403E-9207-996617CA7771}.Debug|Any CPU.ActiveCfg = Debug|Any CPU
		{334B71FE-9420-403E-9207-996617CA7771}.Debug|Any CPU.Build.0 = Debug|Any CPU
		{334B71FE-9420-403E-9207-996617CA7771}.Debug|iPhone.ActiveCfg = Debug|Any CPU
		{334B71FE-9420-403E-9207-996617CA7771}.Debug|iPhone.Build.0 = Debug|Any CPU
		{334B71FE-9420-403E-9207-996617CA7771}.Debug|iPhoneSimulator.ActiveCfg = Debug|Any CPU
		{334B71FE-9420-403E-9207-996617CA7771}.Debug|iPhoneSimulator.Build.0 = Debug|Any CPU
		{334B71FE-9420-403E-9207-996617CA7771}.Release|Any CPU.ActiveCfg = Release|Any CPU
		{334B71FE-9420-403E-9207-996617CA7771}.Release|Any CPU.Build.0 = Release|Any CPU
		{334B71FE-9420-403E-9207-996617CA7771}.Release|iPhone.ActiveCfg = Release|Any CPU
		{334B71FE-9420-403E-9207-996617CA7771}.Release|iPhone.Build.0 = Release|Any CPU
		{334B71FE-9420-403E-9207-996617CA7771}.Release|iPhoneSimulator.ActiveCfg = Release|Any CPU
		{334B71FE-9420-403E-9207-996617CA7771}.Release|iPhoneSimulator.Build.0 = Release|Any CPU
		{ADFDE73A-A57E-4898-A300-5D9791769721}.Debug|Any CPU.ActiveCfg = Debug|Any CPU
		{ADFDE73A-A57E-4898-A300-5D9791769721}.Debug|Any CPU.Build.0 = Debug|Any CPU
		{ADFDE73A-A57E-4898-A300-5D9791769721}.Debug|iPhone.ActiveCfg = Debug|Any CPU
		{ADFDE73A-A57E-4898-A300-5D9791769721}.Debug|iPhone.Build.0 = Debug|Any CPU
		{ADFDE73A-A57E-4898-A300-5D9791769721}.Debug|iPhoneSimulator.ActiveCfg = Debug|Any CPU
		{ADFDE73A-A57E-4898-A300-5D9791769721}.Debug|iPhoneSimulator.Build.0 = Debug|Any CPU
		{ADFDE73A-A57E-4898-A300-5D9791769721}.Release|Any CPU.ActiveCfg = Release|Any CPU
		{ADFDE73A-A57E-4898-A300-5D9791769721}.Release|Any CPU.Build.0 = Release|Any CPU
		{ADFDE73A-A57E-4898-A300-5D9791769721}.Release|iPhone.ActiveCfg = Release|Any CPU
		{ADFDE73A-A57E-4898-A300-5D9791769721}.Release|iPhone.Build.0 = Release|Any CPU
		{ADFDE73A-A57E-4898-A300-5D9791769721}.Release|iPhoneSimulator.ActiveCfg = Release|Any CPU
		{ADFDE73A-A57E-4898-A300-5D9791769721}.Release|iPhoneSimulator.Build.0 = Release|Any CPU
		{1122E607-F5A8-4B1F-8914-6C879AAB9157}.Debug|Any CPU.ActiveCfg = Debug|Any CPU
		{1122E607-F5A8-4B1F-8914-6C879AAB9157}.Debug|Any CPU.Build.0 = Debug|Any CPU
		{1122E607-F5A8-4B1F-8914-6C879AAB9157}.Debug|iPhone.ActiveCfg = Debug|Any CPU
		{1122E607-F5A8-4B1F-8914-6C879AAB9157}.Debug|iPhone.Build.0 = Debug|Any CPU
		{1122E607-F5A8-4B1F-8914-6C879AAB9157}.Debug|iPhoneSimulator.ActiveCfg = Debug|Any CPU
		{1122E607-F5A8-4B1F-8914-6C879AAB9157}.Debug|iPhoneSimulator.Build.0 = Debug|Any CPU
		{1122E607-F5A8-4B1F-8914-6C879AAB9157}.Release|Any CPU.ActiveCfg = Release|Any CPU
		{1122E607-F5A8-4B1F-8914-6C879AAB9157}.Release|Any CPU.Build.0 = Release|Any CPU
		{1122E607-F5A8-4B1F-8914-6C879AAB9157}.Release|iPhone.ActiveCfg = Release|Any CPU
		{1122E607-F5A8-4B1F-8914-6C879AAB9157}.Release|iPhone.Build.0 = Release|Any CPU
		{1122E607-F5A8-4B1F-8914-6C879AAB9157}.Release|iPhoneSimulator.ActiveCfg = Release|Any CPU
		{1122E607-F5A8-4B1F-8914-6C879AAB9157}.Release|iPhoneSimulator.Build.0 = Release|Any CPU
		{64D6C99F-0341-4BA2-82DC-C9E2A7AA04D8}.Debug|Any CPU.ActiveCfg = Debug|Any CPU
		{64D6C99F-0341-4BA2-82DC-C9E2A7AA04D8}.Debug|Any CPU.Build.0 = Debug|Any CPU
		{64D6C99F-0341-4BA2-82DC-C9E2A7AA04D8}.Debug|iPhone.ActiveCfg = Debug|Any CPU
		{64D6C99F-0341-4BA2-82DC-C9E2A7AA04D8}.Debug|iPhone.Build.0 = Debug|Any CPU
		{64D6C99F-0341-4BA2-82DC-C9E2A7AA04D8}.Debug|iPhoneSimulator.ActiveCfg = Debug|Any CPU
		{64D6C99F-0341-4BA2-82DC-C9E2A7AA04D8}.Debug|iPhoneSimulator.Build.0 = Debug|Any CPU
		{64D6C99F-0341-4BA2-82DC-C9E2A7AA04D8}.Release|Any CPU.ActiveCfg = Release|Any CPU
		{64D6C99F-0341-4BA2-82DC-C9E2A7AA04D8}.Release|Any CPU.Build.0 = Release|Any CPU
		{64D6C99F-0341-4BA2-82DC-C9E2A7AA04D8}.Release|iPhone.ActiveCfg = Release|Any CPU
		{64D6C99F-0341-4BA2-82DC-C9E2A7AA04D8}.Release|iPhone.Build.0 = Release|Any CPU
		{64D6C99F-0341-4BA2-82DC-C9E2A7AA04D8}.Release|iPhoneSimulator.ActiveCfg = Release|Any CPU
		{64D6C99F-0341-4BA2-82DC-C9E2A7AA04D8}.Release|iPhoneSimulator.Build.0 = Release|Any CPU
		{4DBB16A6-0745-47AC-9AF5-6DE0034D0060}.Debug|Any CPU.ActiveCfg = Debug|Any CPU
		{4DBB16A6-0745-47AC-9AF5-6DE0034D0060}.Debug|Any CPU.Build.0 = Debug|Any CPU
		{4DBB16A6-0745-47AC-9AF5-6DE0034D0060}.Debug|iPhone.ActiveCfg = Debug|Any CPU
		{4DBB16A6-0745-47AC-9AF5-6DE0034D0060}.Debug|iPhone.Build.0 = Debug|Any CPU
		{4DBB16A6-0745-47AC-9AF5-6DE0034D0060}.Debug|iPhoneSimulator.ActiveCfg = Debug|Any CPU
		{4DBB16A6-0745-47AC-9AF5-6DE0034D0060}.Debug|iPhoneSimulator.Build.0 = Debug|Any CPU
		{4DBB16A6-0745-47AC-9AF5-6DE0034D0060}.Release|Any CPU.ActiveCfg = Release|Any CPU
		{4DBB16A6-0745-47AC-9AF5-6DE0034D0060}.Release|Any CPU.Build.0 = Release|Any CPU
		{4DBB16A6-0745-47AC-9AF5-6DE0034D0060}.Release|iPhone.ActiveCfg = Release|Any CPU
		{4DBB16A6-0745-47AC-9AF5-6DE0034D0060}.Release|iPhone.Build.0 = Release|Any CPU
		{4DBB16A6-0745-47AC-9AF5-6DE0034D0060}.Release|iPhoneSimulator.ActiveCfg = Release|Any CPU
		{4DBB16A6-0745-47AC-9AF5-6DE0034D0060}.Release|iPhoneSimulator.Build.0 = Release|Any CPU
		{CC1F1EE4-D516-41F1-82E8-0087C6C278DE}.Debug|Any CPU.ActiveCfg = Debug|Any CPU
		{CC1F1EE4-D516-41F1-82E8-0087C6C278DE}.Debug|Any CPU.Build.0 = Debug|Any CPU
		{CC1F1EE4-D516-41F1-82E8-0087C6C278DE}.Debug|iPhone.ActiveCfg = Debug|Any CPU
		{CC1F1EE4-D516-41F1-82E8-0087C6C278DE}.Debug|iPhone.Build.0 = Debug|Any CPU
		{CC1F1EE4-D516-41F1-82E8-0087C6C278DE}.Debug|iPhoneSimulator.ActiveCfg = Debug|Any CPU
		{CC1F1EE4-D516-41F1-82E8-0087C6C278DE}.Debug|iPhoneSimulator.Build.0 = Debug|Any CPU
		{CC1F1EE4-D516-41F1-82E8-0087C6C278DE}.Release|Any CPU.ActiveCfg = Release|Any CPU
		{CC1F1EE4-D516-41F1-82E8-0087C6C278DE}.Release|Any CPU.Build.0 = Release|Any CPU
		{CC1F1EE4-D516-41F1-82E8-0087C6C278DE}.Release|iPhone.ActiveCfg = Release|Any CPU
		{CC1F1EE4-D516-41F1-82E8-0087C6C278DE}.Release|iPhone.Build.0 = Release|Any CPU
		{CC1F1EE4-D516-41F1-82E8-0087C6C278DE}.Release|iPhoneSimulator.ActiveCfg = Release|Any CPU
		{CC1F1EE4-D516-41F1-82E8-0087C6C278DE}.Release|iPhoneSimulator.Build.0 = Release|Any CPU
		{085112DE-F675-491C-BCC0-73F4CBDD4D72}.Debug|Any CPU.ActiveCfg = Debug|Any CPU
		{085112DE-F675-491C-BCC0-73F4CBDD4D72}.Debug|Any CPU.Build.0 = Debug|Any CPU
		{085112DE-F675-491C-BCC0-73F4CBDD4D72}.Debug|iPhone.ActiveCfg = Debug|Any CPU
		{085112DE-F675-491C-BCC0-73F4CBDD4D72}.Debug|iPhone.Build.0 = Debug|Any CPU
		{085112DE-F675-491C-BCC0-73F4CBDD4D72}.Debug|iPhoneSimulator.ActiveCfg = Debug|Any CPU
		{085112DE-F675-491C-BCC0-73F4CBDD4D72}.Debug|iPhoneSimulator.Build.0 = Debug|Any CPU
		{085112DE-F675-491C-BCC0-73F4CBDD4D72}.Release|Any CPU.ActiveCfg = Release|Any CPU
		{085112DE-F675-491C-BCC0-73F4CBDD4D72}.Release|Any CPU.Build.0 = Release|Any CPU
		{085112DE-F675-491C-BCC0-73F4CBDD4D72}.Release|iPhone.ActiveCfg = Release|Any CPU
		{085112DE-F675-491C-BCC0-73F4CBDD4D72}.Release|iPhone.Build.0 = Release|Any CPU
		{085112DE-F675-491C-BCC0-73F4CBDD4D72}.Release|iPhoneSimulator.ActiveCfg = Release|Any CPU
		{085112DE-F675-491C-BCC0-73F4CBDD4D72}.Release|iPhoneSimulator.Build.0 = Release|Any CPU
		{E291F3E4-A4C0-43AF-B953-33FD51C42D12}.Debug|Any CPU.ActiveCfg = Debug|Any CPU
		{E291F3E4-A4C0-43AF-B953-33FD51C42D12}.Debug|Any CPU.Build.0 = Debug|Any CPU
		{E291F3E4-A4C0-43AF-B953-33FD51C42D12}.Debug|iPhone.ActiveCfg = Debug|Any CPU
		{E291F3E4-A4C0-43AF-B953-33FD51C42D12}.Debug|iPhone.Build.0 = Debug|Any CPU
		{E291F3E4-A4C0-43AF-B953-33FD51C42D12}.Debug|iPhoneSimulator.ActiveCfg = Debug|Any CPU
		{E291F3E4-A4C0-43AF-B953-33FD51C42D12}.Debug|iPhoneSimulator.Build.0 = Debug|Any CPU
		{E291F3E4-A4C0-43AF-B953-33FD51C42D12}.Release|Any CPU.ActiveCfg = Release|Any CPU
		{E291F3E4-A4C0-43AF-B953-33FD51C42D12}.Release|Any CPU.Build.0 = Release|Any CPU
		{E291F3E4-A4C0-43AF-B953-33FD51C42D12}.Release|iPhone.ActiveCfg = Release|Any CPU
		{E291F3E4-A4C0-43AF-B953-33FD51C42D12}.Release|iPhone.Build.0 = Release|Any CPU
		{E291F3E4-A4C0-43AF-B953-33FD51C42D12}.Release|iPhoneSimulator.ActiveCfg = Release|Any CPU
		{E291F3E4-A4C0-43AF-B953-33FD51C42D12}.Release|iPhoneSimulator.Build.0 = Release|Any CPU
		{892095A5-B3CE-4215-83E5-E88A2F480B0C}.Debug|Any CPU.ActiveCfg = Debug|Any CPU
		{892095A5-B3CE-4215-83E5-E88A2F480B0C}.Debug|Any CPU.Build.0 = Debug|Any CPU
		{892095A5-B3CE-4215-83E5-E88A2F480B0C}.Debug|iPhone.ActiveCfg = Debug|Any CPU
		{892095A5-B3CE-4215-83E5-E88A2F480B0C}.Debug|iPhone.Build.0 = Debug|Any CPU
		{892095A5-B3CE-4215-83E5-E88A2F480B0C}.Debug|iPhoneSimulator.ActiveCfg = Debug|Any CPU
		{892095A5-B3CE-4215-83E5-E88A2F480B0C}.Debug|iPhoneSimulator.Build.0 = Debug|Any CPU
		{892095A5-B3CE-4215-83E5-E88A2F480B0C}.Release|Any CPU.ActiveCfg = Release|Any CPU
		{892095A5-B3CE-4215-83E5-E88A2F480B0C}.Release|Any CPU.Build.0 = Release|Any CPU
		{892095A5-B3CE-4215-83E5-E88A2F480B0C}.Release|iPhone.ActiveCfg = Release|Any CPU
		{892095A5-B3CE-4215-83E5-E88A2F480B0C}.Release|iPhone.Build.0 = Release|Any CPU
		{892095A5-B3CE-4215-83E5-E88A2F480B0C}.Release|iPhoneSimulator.ActiveCfg = Release|Any CPU
		{892095A5-B3CE-4215-83E5-E88A2F480B0C}.Release|iPhoneSimulator.Build.0 = Release|Any CPU
		{2C91B6E1-492D-497A-BB30-9A00D26C5DA0}.Debug|Any CPU.ActiveCfg = Debug|Any CPU
		{2C91B6E1-492D-497A-BB30-9A00D26C5DA0}.Debug|Any CPU.Build.0 = Debug|Any CPU
		{2C91B6E1-492D-497A-BB30-9A00D26C5DA0}.Debug|iPhone.ActiveCfg = Debug|Any CPU
		{2C91B6E1-492D-497A-BB30-9A00D26C5DA0}.Debug|iPhone.Build.0 = Debug|Any CPU
		{2C91B6E1-492D-497A-BB30-9A00D26C5DA0}.Debug|iPhoneSimulator.ActiveCfg = Debug|Any CPU
		{2C91B6E1-492D-497A-BB30-9A00D26C5DA0}.Debug|iPhoneSimulator.Build.0 = Debug|Any CPU
		{2C91B6E1-492D-497A-BB30-9A00D26C5DA0}.Release|Any CPU.ActiveCfg = Release|Any CPU
		{2C91B6E1-492D-497A-BB30-9A00D26C5DA0}.Release|Any CPU.Build.0 = Release|Any CPU
		{2C91B6E1-492D-497A-BB30-9A00D26C5DA0}.Release|iPhone.ActiveCfg = Release|Any CPU
		{2C91B6E1-492D-497A-BB30-9A00D26C5DA0}.Release|iPhone.Build.0 = Release|Any CPU
		{2C91B6E1-492D-497A-BB30-9A00D26C5DA0}.Release|iPhoneSimulator.ActiveCfg = Release|Any CPU
		{2C91B6E1-492D-497A-BB30-9A00D26C5DA0}.Release|iPhoneSimulator.Build.0 = Release|Any CPU
		{E17C0AF9-B7F9-4139-A204-A23341558AEC}.Debug|Any CPU.ActiveCfg = Debug|Any CPU
		{E17C0AF9-B7F9-4139-A204-A23341558AEC}.Debug|Any CPU.Build.0 = Debug|Any CPU
		{E17C0AF9-B7F9-4139-A204-A23341558AEC}.Debug|iPhone.ActiveCfg = Debug|Any CPU
		{E17C0AF9-B7F9-4139-A204-A23341558AEC}.Debug|iPhone.Build.0 = Debug|Any CPU
		{E17C0AF9-B7F9-4139-A204-A23341558AEC}.Debug|iPhoneSimulator.ActiveCfg = Debug|Any CPU
		{E17C0AF9-B7F9-4139-A204-A23341558AEC}.Debug|iPhoneSimulator.Build.0 = Debug|Any CPU
		{E17C0AF9-B7F9-4139-A204-A23341558AEC}.Release|Any CPU.ActiveCfg = Release|Any CPU
		{E17C0AF9-B7F9-4139-A204-A23341558AEC}.Release|Any CPU.Build.0 = Release|Any CPU
		{E17C0AF9-B7F9-4139-A204-A23341558AEC}.Release|iPhone.ActiveCfg = Release|Any CPU
		{E17C0AF9-B7F9-4139-A204-A23341558AEC}.Release|iPhone.Build.0 = Release|Any CPU
		{E17C0AF9-B7F9-4139-A204-A23341558AEC}.Release|iPhoneSimulator.ActiveCfg = Release|Any CPU
		{E17C0AF9-B7F9-4139-A204-A23341558AEC}.Release|iPhoneSimulator.Build.0 = Release|Any CPU
		{3200F60B-A1F8-4997-97FB-243451A8A4DD}.Debug|Any CPU.ActiveCfg = Debug|Any CPU
		{3200F60B-A1F8-4997-97FB-243451A8A4DD}.Debug|Any CPU.Build.0 = Debug|Any CPU
		{3200F60B-A1F8-4997-97FB-243451A8A4DD}.Debug|iPhone.ActiveCfg = Debug|Any CPU
		{3200F60B-A1F8-4997-97FB-243451A8A4DD}.Debug|iPhone.Build.0 = Debug|Any CPU
		{3200F60B-A1F8-4997-97FB-243451A8A4DD}.Debug|iPhoneSimulator.ActiveCfg = Debug|Any CPU
		{3200F60B-A1F8-4997-97FB-243451A8A4DD}.Debug|iPhoneSimulator.Build.0 = Debug|Any CPU
		{3200F60B-A1F8-4997-97FB-243451A8A4DD}.Release|Any CPU.ActiveCfg = Release|Any CPU
		{3200F60B-A1F8-4997-97FB-243451A8A4DD}.Release|Any CPU.Build.0 = Release|Any CPU
		{3200F60B-A1F8-4997-97FB-243451A8A4DD}.Release|iPhone.ActiveCfg = Release|Any CPU
		{3200F60B-A1F8-4997-97FB-243451A8A4DD}.Release|iPhone.Build.0 = Release|Any CPU
		{3200F60B-A1F8-4997-97FB-243451A8A4DD}.Release|iPhoneSimulator.ActiveCfg = Release|Any CPU
		{3200F60B-A1F8-4997-97FB-243451A8A4DD}.Release|iPhoneSimulator.Build.0 = Release|Any CPU
		{E7D5722A-CB49-4716-ADC8-17EA8E23700B}.Debug|Any CPU.ActiveCfg = Debug|Any CPU
		{E7D5722A-CB49-4716-ADC8-17EA8E23700B}.Debug|Any CPU.Build.0 = Debug|Any CPU
		{E7D5722A-CB49-4716-ADC8-17EA8E23700B}.Debug|iPhone.ActiveCfg = Debug|Any CPU
		{E7D5722A-CB49-4716-ADC8-17EA8E23700B}.Debug|iPhone.Build.0 = Debug|Any CPU
		{E7D5722A-CB49-4716-ADC8-17EA8E23700B}.Debug|iPhoneSimulator.ActiveCfg = Debug|Any CPU
		{E7D5722A-CB49-4716-ADC8-17EA8E23700B}.Debug|iPhoneSimulator.Build.0 = Debug|Any CPU
		{E7D5722A-CB49-4716-ADC8-17EA8E23700B}.Release|Any CPU.ActiveCfg = Release|Any CPU
		{E7D5722A-CB49-4716-ADC8-17EA8E23700B}.Release|Any CPU.Build.0 = Release|Any CPU
		{E7D5722A-CB49-4716-ADC8-17EA8E23700B}.Release|iPhone.ActiveCfg = Release|Any CPU
		{E7D5722A-CB49-4716-ADC8-17EA8E23700B}.Release|iPhone.Build.0 = Release|Any CPU
		{E7D5722A-CB49-4716-ADC8-17EA8E23700B}.Release|iPhoneSimulator.ActiveCfg = Release|Any CPU
		{E7D5722A-CB49-4716-ADC8-17EA8E23700B}.Release|iPhoneSimulator.Build.0 = Release|Any CPU
		{6CEDC82D-00AA-44F5-AB72-64BF85922C69}.Debug|Any CPU.ActiveCfg = Debug|Any CPU
		{6CEDC82D-00AA-44F5-AB72-64BF85922C69}.Debug|Any CPU.Build.0 = Debug|Any CPU
		{6CEDC82D-00AA-44F5-AB72-64BF85922C69}.Debug|iPhone.ActiveCfg = Debug|Any CPU
		{6CEDC82D-00AA-44F5-AB72-64BF85922C69}.Debug|iPhone.Build.0 = Debug|Any CPU
		{6CEDC82D-00AA-44F5-AB72-64BF85922C69}.Debug|iPhoneSimulator.ActiveCfg = Debug|Any CPU
		{6CEDC82D-00AA-44F5-AB72-64BF85922C69}.Debug|iPhoneSimulator.Build.0 = Debug|Any CPU
		{6CEDC82D-00AA-44F5-AB72-64BF85922C69}.Release|Any CPU.ActiveCfg = Release|Any CPU
		{6CEDC82D-00AA-44F5-AB72-64BF85922C69}.Release|Any CPU.Build.0 = Release|Any CPU
		{6CEDC82D-00AA-44F5-AB72-64BF85922C69}.Release|iPhone.ActiveCfg = Release|Any CPU
		{6CEDC82D-00AA-44F5-AB72-64BF85922C69}.Release|iPhone.Build.0 = Release|Any CPU
		{6CEDC82D-00AA-44F5-AB72-64BF85922C69}.Release|iPhoneSimulator.ActiveCfg = Release|Any CPU
		{6CEDC82D-00AA-44F5-AB72-64BF85922C69}.Release|iPhoneSimulator.Build.0 = Release|Any CPU
		{5ACCA601-7EEB-4C82-A607-90FCFE8E1A39}.Debug|Any CPU.ActiveCfg = Debug|Any CPU
		{5ACCA601-7EEB-4C82-A607-90FCFE8E1A39}.Debug|Any CPU.Build.0 = Debug|Any CPU
		{5ACCA601-7EEB-4C82-A607-90FCFE8E1A39}.Debug|iPhone.ActiveCfg = Debug|Any CPU
		{5ACCA601-7EEB-4C82-A607-90FCFE8E1A39}.Debug|iPhone.Build.0 = Debug|Any CPU
		{5ACCA601-7EEB-4C82-A607-90FCFE8E1A39}.Debug|iPhoneSimulator.ActiveCfg = Debug|Any CPU
		{5ACCA601-7EEB-4C82-A607-90FCFE8E1A39}.Debug|iPhoneSimulator.Build.0 = Debug|Any CPU
		{5ACCA601-7EEB-4C82-A607-90FCFE8E1A39}.Release|Any CPU.ActiveCfg = Release|Any CPU
		{5ACCA601-7EEB-4C82-A607-90FCFE8E1A39}.Release|Any CPU.Build.0 = Release|Any CPU
		{5ACCA601-7EEB-4C82-A607-90FCFE8E1A39}.Release|iPhone.ActiveCfg = Release|Any CPU
		{5ACCA601-7EEB-4C82-A607-90FCFE8E1A39}.Release|iPhone.Build.0 = Release|Any CPU
		{5ACCA601-7EEB-4C82-A607-90FCFE8E1A39}.Release|iPhoneSimulator.ActiveCfg = Release|Any CPU
		{5ACCA601-7EEB-4C82-A607-90FCFE8E1A39}.Release|iPhoneSimulator.Build.0 = Release|Any CPU
		{96BBB9A9-81F7-4023-84F8-5D68C9C23CE4}.Debug|Any CPU.ActiveCfg = Debug|Any CPU
		{96BBB9A9-81F7-4023-84F8-5D68C9C23CE4}.Debug|Any CPU.Build.0 = Debug|Any CPU
		{96BBB9A9-81F7-4023-84F8-5D68C9C23CE4}.Debug|iPhone.ActiveCfg = Debug|Any CPU
		{96BBB9A9-81F7-4023-84F8-5D68C9C23CE4}.Debug|iPhone.Build.0 = Debug|Any CPU
		{96BBB9A9-81F7-4023-84F8-5D68C9C23CE4}.Debug|iPhoneSimulator.ActiveCfg = Debug|Any CPU
		{96BBB9A9-81F7-4023-84F8-5D68C9C23CE4}.Debug|iPhoneSimulator.Build.0 = Debug|Any CPU
		{96BBB9A9-81F7-4023-84F8-5D68C9C23CE4}.Release|Any CPU.ActiveCfg = Release|Any CPU
		{96BBB9A9-81F7-4023-84F8-5D68C9C23CE4}.Release|Any CPU.Build.0 = Release|Any CPU
		{96BBB9A9-81F7-4023-84F8-5D68C9C23CE4}.Release|iPhone.ActiveCfg = Release|Any CPU
		{96BBB9A9-81F7-4023-84F8-5D68C9C23CE4}.Release|iPhone.Build.0 = Release|Any CPU
		{96BBB9A9-81F7-4023-84F8-5D68C9C23CE4}.Release|iPhoneSimulator.ActiveCfg = Release|Any CPU
		{96BBB9A9-81F7-4023-84F8-5D68C9C23CE4}.Release|iPhoneSimulator.Build.0 = Release|Any CPU
		{3409CA45-07CF-48A1-AE2E-AE04F26F4CD4}.Debug|Any CPU.ActiveCfg = Debug|Any CPU
		{3409CA45-07CF-48A1-AE2E-AE04F26F4CD4}.Debug|Any CPU.Build.0 = Debug|Any CPU
		{3409CA45-07CF-48A1-AE2E-AE04F26F4CD4}.Debug|iPhone.ActiveCfg = Debug|Any CPU
		{3409CA45-07CF-48A1-AE2E-AE04F26F4CD4}.Debug|iPhone.Build.0 = Debug|Any CPU
		{3409CA45-07CF-48A1-AE2E-AE04F26F4CD4}.Debug|iPhoneSimulator.ActiveCfg = Debug|Any CPU
		{3409CA45-07CF-48A1-AE2E-AE04F26F4CD4}.Debug|iPhoneSimulator.Build.0 = Debug|Any CPU
		{3409CA45-07CF-48A1-AE2E-AE04F26F4CD4}.Release|Any CPU.ActiveCfg = Release|Any CPU
		{3409CA45-07CF-48A1-AE2E-AE04F26F4CD4}.Release|Any CPU.Build.0 = Release|Any CPU
		{3409CA45-07CF-48A1-AE2E-AE04F26F4CD4}.Release|iPhone.ActiveCfg = Release|Any CPU
		{3409CA45-07CF-48A1-AE2E-AE04F26F4CD4}.Release|iPhone.Build.0 = Release|Any CPU
		{3409CA45-07CF-48A1-AE2E-AE04F26F4CD4}.Release|iPhoneSimulator.ActiveCfg = Release|Any CPU
		{3409CA45-07CF-48A1-AE2E-AE04F26F4CD4}.Release|iPhoneSimulator.Build.0 = Release|Any CPU
		{7A17DEEC-E658-4777-9987-75799FAD2050}.Debug|Any CPU.ActiveCfg = Debug|Any CPU
		{7A17DEEC-E658-4777-9987-75799FAD2050}.Debug|Any CPU.Build.0 = Debug|Any CPU
		{7A17DEEC-E658-4777-9987-75799FAD2050}.Debug|iPhone.ActiveCfg = Debug|Any CPU
		{7A17DEEC-E658-4777-9987-75799FAD2050}.Debug|iPhone.Build.0 = Debug|Any CPU
		{7A17DEEC-E658-4777-9987-75799FAD2050}.Debug|iPhoneSimulator.ActiveCfg = Debug|Any CPU
		{7A17DEEC-E658-4777-9987-75799FAD2050}.Debug|iPhoneSimulator.Build.0 = Debug|Any CPU
		{7A17DEEC-E658-4777-9987-75799FAD2050}.Release|Any CPU.ActiveCfg = Release|Any CPU
		{7A17DEEC-E658-4777-9987-75799FAD2050}.Release|Any CPU.Build.0 = Release|Any CPU
		{7A17DEEC-E658-4777-9987-75799FAD2050}.Release|iPhone.ActiveCfg = Release|Any CPU
		{7A17DEEC-E658-4777-9987-75799FAD2050}.Release|iPhone.Build.0 = Release|Any CPU
		{7A17DEEC-E658-4777-9987-75799FAD2050}.Release|iPhoneSimulator.ActiveCfg = Release|Any CPU
		{7A17DEEC-E658-4777-9987-75799FAD2050}.Release|iPhoneSimulator.Build.0 = Release|Any CPU
		{57B18F48-901C-4DB4-9A08-2AE70D8DA569}.Debug|Any CPU.ActiveCfg = Debug|Any CPU
		{57B18F48-901C-4DB4-9A08-2AE70D8DA569}.Debug|Any CPU.Build.0 = Debug|Any CPU
		{57B18F48-901C-4DB4-9A08-2AE70D8DA569}.Debug|iPhone.ActiveCfg = Debug|Any CPU
		{57B18F48-901C-4DB4-9A08-2AE70D8DA569}.Debug|iPhone.Build.0 = Debug|Any CPU
		{57B18F48-901C-4DB4-9A08-2AE70D8DA569}.Debug|iPhoneSimulator.ActiveCfg = Debug|Any CPU
		{57B18F48-901C-4DB4-9A08-2AE70D8DA569}.Debug|iPhoneSimulator.Build.0 = Debug|Any CPU
		{57B18F48-901C-4DB4-9A08-2AE70D8DA569}.Release|Any CPU.ActiveCfg = Release|Any CPU
		{57B18F48-901C-4DB4-9A08-2AE70D8DA569}.Release|Any CPU.Build.0 = Release|Any CPU
		{57B18F48-901C-4DB4-9A08-2AE70D8DA569}.Release|iPhone.ActiveCfg = Release|Any CPU
		{57B18F48-901C-4DB4-9A08-2AE70D8DA569}.Release|iPhone.Build.0 = Release|Any CPU
		{57B18F48-901C-4DB4-9A08-2AE70D8DA569}.Release|iPhoneSimulator.ActiveCfg = Release|Any CPU
		{57B18F48-901C-4DB4-9A08-2AE70D8DA569}.Release|iPhoneSimulator.Build.0 = Release|Any CPU
		{3F68459E-5367-4696-A128-162148F919D9}.Debug|Any CPU.ActiveCfg = Debug|Any CPU
		{3F68459E-5367-4696-A128-162148F919D9}.Debug|Any CPU.Build.0 = Debug|Any CPU
		{3F68459E-5367-4696-A128-162148F919D9}.Debug|iPhone.ActiveCfg = Debug|Any CPU
		{3F68459E-5367-4696-A128-162148F919D9}.Debug|iPhone.Build.0 = Debug|Any CPU
		{3F68459E-5367-4696-A128-162148F919D9}.Debug|iPhoneSimulator.ActiveCfg = Debug|Any CPU
		{3F68459E-5367-4696-A128-162148F919D9}.Debug|iPhoneSimulator.Build.0 = Debug|Any CPU
		{3F68459E-5367-4696-A128-162148F919D9}.Release|Any CPU.ActiveCfg = Release|Any CPU
		{3F68459E-5367-4696-A128-162148F919D9}.Release|Any CPU.Build.0 = Release|Any CPU
		{3F68459E-5367-4696-A128-162148F919D9}.Release|iPhone.ActiveCfg = Release|Any CPU
		{3F68459E-5367-4696-A128-162148F919D9}.Release|iPhone.Build.0 = Release|Any CPU
		{3F68459E-5367-4696-A128-162148F919D9}.Release|iPhoneSimulator.ActiveCfg = Release|Any CPU
		{3F68459E-5367-4696-A128-162148F919D9}.Release|iPhoneSimulator.Build.0 = Release|Any CPU
		{48A4FDC3-2097-4EBB-9E65-CAD2B27A8240}.Debug|Any CPU.ActiveCfg = Debug|Any CPU
		{48A4FDC3-2097-4EBB-9E65-CAD2B27A8240}.Debug|Any CPU.Build.0 = Debug|Any CPU
		{48A4FDC3-2097-4EBB-9E65-CAD2B27A8240}.Debug|iPhone.ActiveCfg = Debug|Any CPU
		{48A4FDC3-2097-4EBB-9E65-CAD2B27A8240}.Debug|iPhone.Build.0 = Debug|Any CPU
		{48A4FDC3-2097-4EBB-9E65-CAD2B27A8240}.Debug|iPhoneSimulator.ActiveCfg = Debug|Any CPU
		{48A4FDC3-2097-4EBB-9E65-CAD2B27A8240}.Debug|iPhoneSimulator.Build.0 = Debug|Any CPU
		{48A4FDC3-2097-4EBB-9E65-CAD2B27A8240}.Release|Any CPU.ActiveCfg = Release|Any CPU
		{48A4FDC3-2097-4EBB-9E65-CAD2B27A8240}.Release|Any CPU.Build.0 = Release|Any CPU
		{48A4FDC3-2097-4EBB-9E65-CAD2B27A8240}.Release|iPhone.ActiveCfg = Release|Any CPU
		{48A4FDC3-2097-4EBB-9E65-CAD2B27A8240}.Release|iPhone.Build.0 = Release|Any CPU
		{48A4FDC3-2097-4EBB-9E65-CAD2B27A8240}.Release|iPhoneSimulator.ActiveCfg = Release|Any CPU
		{48A4FDC3-2097-4EBB-9E65-CAD2B27A8240}.Release|iPhoneSimulator.Build.0 = Release|Any CPU
		{6BD3114E-6D96-499E-AE6D-E2423D5D813A}.Debug|Any CPU.ActiveCfg = Debug|Any CPU
		{6BD3114E-6D96-499E-AE6D-E2423D5D813A}.Debug|Any CPU.Build.0 = Debug|Any CPU
		{6BD3114E-6D96-499E-AE6D-E2423D5D813A}.Debug|iPhone.ActiveCfg = Debug|Any CPU
		{6BD3114E-6D96-499E-AE6D-E2423D5D813A}.Debug|iPhone.Build.0 = Debug|Any CPU
		{6BD3114E-6D96-499E-AE6D-E2423D5D813A}.Debug|iPhoneSimulator.ActiveCfg = Debug|Any CPU
		{6BD3114E-6D96-499E-AE6D-E2423D5D813A}.Debug|iPhoneSimulator.Build.0 = Debug|Any CPU
		{6BD3114E-6D96-499E-AE6D-E2423D5D813A}.Release|Any CPU.ActiveCfg = Release|Any CPU
		{6BD3114E-6D96-499E-AE6D-E2423D5D813A}.Release|Any CPU.Build.0 = Release|Any CPU
		{6BD3114E-6D96-499E-AE6D-E2423D5D813A}.Release|iPhone.ActiveCfg = Release|Any CPU
		{6BD3114E-6D96-499E-AE6D-E2423D5D813A}.Release|iPhone.Build.0 = Release|Any CPU
		{6BD3114E-6D96-499E-AE6D-E2423D5D813A}.Release|iPhoneSimulator.ActiveCfg = Release|Any CPU
		{6BD3114E-6D96-499E-AE6D-E2423D5D813A}.Release|iPhoneSimulator.Build.0 = Release|Any CPU
		{2B20A4FE-16AE-40B3-9694-27663B05AF03}.Debug|Any CPU.ActiveCfg = Debug|Any CPU
		{2B20A4FE-16AE-40B3-9694-27663B05AF03}.Debug|Any CPU.Build.0 = Debug|Any CPU
		{2B20A4FE-16AE-40B3-9694-27663B05AF03}.Debug|Any CPU.Deploy.0 = Debug|Any CPU
		{2B20A4FE-16AE-40B3-9694-27663B05AF03}.Debug|iPhone.ActiveCfg = Debug|Any CPU
		{2B20A4FE-16AE-40B3-9694-27663B05AF03}.Debug|iPhone.Build.0 = Debug|Any CPU
		{2B20A4FE-16AE-40B3-9694-27663B05AF03}.Debug|iPhone.Deploy.0 = Debug|Any CPU
		{2B20A4FE-16AE-40B3-9694-27663B05AF03}.Debug|iPhoneSimulator.ActiveCfg = Debug|Any CPU
		{2B20A4FE-16AE-40B3-9694-27663B05AF03}.Debug|iPhoneSimulator.Build.0 = Debug|Any CPU
		{2B20A4FE-16AE-40B3-9694-27663B05AF03}.Debug|iPhoneSimulator.Deploy.0 = Debug|Any CPU
		{2B20A4FE-16AE-40B3-9694-27663B05AF03}.Release|Any CPU.ActiveCfg = Release|Any CPU
		{2B20A4FE-16AE-40B3-9694-27663B05AF03}.Release|Any CPU.Build.0 = Release|Any CPU
		{2B20A4FE-16AE-40B3-9694-27663B05AF03}.Release|Any CPU.Deploy.0 = Release|Any CPU
		{2B20A4FE-16AE-40B3-9694-27663B05AF03}.Release|iPhone.ActiveCfg = Release|Any CPU
		{2B20A4FE-16AE-40B3-9694-27663B05AF03}.Release|iPhone.Build.0 = Release|Any CPU
		{2B20A4FE-16AE-40B3-9694-27663B05AF03}.Release|iPhone.Deploy.0 = Release|Any CPU
		{2B20A4FE-16AE-40B3-9694-27663B05AF03}.Release|iPhoneSimulator.ActiveCfg = Release|Any CPU
		{2B20A4FE-16AE-40B3-9694-27663B05AF03}.Release|iPhoneSimulator.Build.0 = Release|Any CPU
		{2B20A4FE-16AE-40B3-9694-27663B05AF03}.Release|iPhoneSimulator.Deploy.0 = Release|Any CPU
		{040F8F45-D5C6-41D9-8F9C-E4620671D4DC}.Debug|Any CPU.ActiveCfg = Debug|iPhoneSimulator
		{040F8F45-D5C6-41D9-8F9C-E4620671D4DC}.Debug|Any CPU.Build.0 = Debug|iPhoneSimulator
		{040F8F45-D5C6-41D9-8F9C-E4620671D4DC}.Debug|iPhone.ActiveCfg = Debug|iPhone
		{040F8F45-D5C6-41D9-8F9C-E4620671D4DC}.Debug|iPhone.Build.0 = Debug|iPhone
		{040F8F45-D5C6-41D9-8F9C-E4620671D4DC}.Debug|iPhoneSimulator.ActiveCfg = Debug|iPhoneSimulator
		{040F8F45-D5C6-41D9-8F9C-E4620671D4DC}.Debug|iPhoneSimulator.Build.0 = Debug|iPhoneSimulator
		{040F8F45-D5C6-41D9-8F9C-E4620671D4DC}.Release|Any CPU.ActiveCfg = Release|iPhoneSimulator
		{040F8F45-D5C6-41D9-8F9C-E4620671D4DC}.Release|Any CPU.Build.0 = Release|iPhoneSimulator
		{040F8F45-D5C6-41D9-8F9C-E4620671D4DC}.Release|iPhone.ActiveCfg = Release|iPhone
		{040F8F45-D5C6-41D9-8F9C-E4620671D4DC}.Release|iPhone.Build.0 = Release|iPhone
		{040F8F45-D5C6-41D9-8F9C-E4620671D4DC}.Release|iPhoneSimulator.ActiveCfg = Release|iPhoneSimulator
		{040F8F45-D5C6-41D9-8F9C-E4620671D4DC}.Release|iPhoneSimulator.Build.0 = Release|iPhoneSimulator
		{A6D6C0DD-633C-42E0-BBEB-0943DCD9BC57}.Debug|Any CPU.ActiveCfg = Debug|Any CPU
		{A6D6C0DD-633C-42E0-BBEB-0943DCD9BC57}.Debug|Any CPU.Build.0 = Debug|Any CPU
		{A6D6C0DD-633C-42E0-BBEB-0943DCD9BC57}.Debug|iPhone.ActiveCfg = Debug|Any CPU
		{A6D6C0DD-633C-42E0-BBEB-0943DCD9BC57}.Debug|iPhone.Build.0 = Debug|Any CPU
		{A6D6C0DD-633C-42E0-BBEB-0943DCD9BC57}.Debug|iPhoneSimulator.ActiveCfg = Debug|Any CPU
		{A6D6C0DD-633C-42E0-BBEB-0943DCD9BC57}.Debug|iPhoneSimulator.Build.0 = Debug|Any CPU
		{A6D6C0DD-633C-42E0-BBEB-0943DCD9BC57}.Release|Any CPU.ActiveCfg = Release|Any CPU
		{A6D6C0DD-633C-42E0-BBEB-0943DCD9BC57}.Release|Any CPU.Build.0 = Release|Any CPU
		{A6D6C0DD-633C-42E0-BBEB-0943DCD9BC57}.Release|iPhone.ActiveCfg = Release|Any CPU
		{A6D6C0DD-633C-42E0-BBEB-0943DCD9BC57}.Release|iPhone.Build.0 = Release|Any CPU
		{A6D6C0DD-633C-42E0-BBEB-0943DCD9BC57}.Release|iPhoneSimulator.ActiveCfg = Release|Any CPU
		{A6D6C0DD-633C-42E0-BBEB-0943DCD9BC57}.Release|iPhoneSimulator.Build.0 = Release|Any CPU
		{DBD5EB8A-0722-4705-AE9D-32D43CA3D163}.Debug|Any CPU.ActiveCfg = Debug|Any CPU
		{DBD5EB8A-0722-4705-AE9D-32D43CA3D163}.Debug|Any CPU.Build.0 = Debug|Any CPU
		{DBD5EB8A-0722-4705-AE9D-32D43CA3D163}.Debug|Any CPU.Deploy.0 = Debug|Any CPU
		{DBD5EB8A-0722-4705-AE9D-32D43CA3D163}.Debug|iPhone.ActiveCfg = Debug|Any CPU
		{DBD5EB8A-0722-4705-AE9D-32D43CA3D163}.Debug|iPhone.Build.0 = Debug|Any CPU
		{DBD5EB8A-0722-4705-AE9D-32D43CA3D163}.Debug|iPhone.Deploy.0 = Debug|Any CPU
		{DBD5EB8A-0722-4705-AE9D-32D43CA3D163}.Debug|iPhoneSimulator.ActiveCfg = Debug|Any CPU
		{DBD5EB8A-0722-4705-AE9D-32D43CA3D163}.Debug|iPhoneSimulator.Build.0 = Debug|Any CPU
		{DBD5EB8A-0722-4705-AE9D-32D43CA3D163}.Debug|iPhoneSimulator.Deploy.0 = Debug|Any CPU
		{DBD5EB8A-0722-4705-AE9D-32D43CA3D163}.Release|Any CPU.ActiveCfg = Release|Any CPU
		{DBD5EB8A-0722-4705-AE9D-32D43CA3D163}.Release|Any CPU.Build.0 = Release|Any CPU
		{DBD5EB8A-0722-4705-AE9D-32D43CA3D163}.Release|Any CPU.Deploy.0 = Release|Any CPU
		{DBD5EB8A-0722-4705-AE9D-32D43CA3D163}.Release|iPhone.ActiveCfg = Release|Any CPU
		{DBD5EB8A-0722-4705-AE9D-32D43CA3D163}.Release|iPhone.Build.0 = Release|Any CPU
		{DBD5EB8A-0722-4705-AE9D-32D43CA3D163}.Release|iPhone.Deploy.0 = Release|Any CPU
		{DBD5EB8A-0722-4705-AE9D-32D43CA3D163}.Release|iPhoneSimulator.ActiveCfg = Release|Any CPU
		{DBD5EB8A-0722-4705-AE9D-32D43CA3D163}.Release|iPhoneSimulator.Build.0 = Release|Any CPU
		{DBD5EB8A-0722-4705-AE9D-32D43CA3D163}.Release|iPhoneSimulator.Deploy.0 = Release|Any CPU
		{26B9D2E2-49A6-4060-9DC5-50963C9D978A}.Debug|Any CPU.ActiveCfg = Debug|Any CPU
		{26B9D2E2-49A6-4060-9DC5-50963C9D978A}.Debug|Any CPU.Build.0 = Debug|Any CPU
		{26B9D2E2-49A6-4060-9DC5-50963C9D978A}.Debug|iPhone.ActiveCfg = Debug|Any CPU
		{26B9D2E2-49A6-4060-9DC5-50963C9D978A}.Debug|iPhone.Build.0 = Debug|Any CPU
		{26B9D2E2-49A6-4060-9DC5-50963C9D978A}.Debug|iPhoneSimulator.ActiveCfg = Debug|Any CPU
		{26B9D2E2-49A6-4060-9DC5-50963C9D978A}.Debug|iPhoneSimulator.Build.0 = Debug|Any CPU
		{26B9D2E2-49A6-4060-9DC5-50963C9D978A}.Release|Any CPU.ActiveCfg = Release|Any CPU
		{26B9D2E2-49A6-4060-9DC5-50963C9D978A}.Release|Any CPU.Build.0 = Release|Any CPU
		{26B9D2E2-49A6-4060-9DC5-50963C9D978A}.Release|iPhone.ActiveCfg = Release|Any CPU
		{26B9D2E2-49A6-4060-9DC5-50963C9D978A}.Release|iPhone.Build.0 = Release|Any CPU
		{26B9D2E2-49A6-4060-9DC5-50963C9D978A}.Release|iPhoneSimulator.ActiveCfg = Release|Any CPU
		{26B9D2E2-49A6-4060-9DC5-50963C9D978A}.Release|iPhoneSimulator.Build.0 = Release|Any CPU
		{1FA69712-B50A-4B6F-B054-31E216FC70BE}.Debug|Any CPU.ActiveCfg = Debug|Any CPU
		{1FA69712-B50A-4B6F-B054-31E216FC70BE}.Debug|Any CPU.Build.0 = Debug|Any CPU
		{1FA69712-B50A-4B6F-B054-31E216FC70BE}.Debug|iPhone.ActiveCfg = Debug|Any CPU
		{1FA69712-B50A-4B6F-B054-31E216FC70BE}.Debug|iPhone.Build.0 = Debug|Any CPU
		{1FA69712-B50A-4B6F-B054-31E216FC70BE}.Debug|iPhoneSimulator.ActiveCfg = Debug|Any CPU
		{1FA69712-B50A-4B6F-B054-31E216FC70BE}.Debug|iPhoneSimulator.Build.0 = Debug|Any CPU
		{1FA69712-B50A-4B6F-B054-31E216FC70BE}.Release|Any CPU.ActiveCfg = Release|Any CPU
		{1FA69712-B50A-4B6F-B054-31E216FC70BE}.Release|Any CPU.Build.0 = Release|Any CPU
		{1FA69712-B50A-4B6F-B054-31E216FC70BE}.Release|iPhone.ActiveCfg = Release|Any CPU
		{1FA69712-B50A-4B6F-B054-31E216FC70BE}.Release|iPhone.Build.0 = Release|Any CPU
		{1FA69712-B50A-4B6F-B054-31E216FC70BE}.Release|iPhoneSimulator.ActiveCfg = Release|Any CPU
		{1FA69712-B50A-4B6F-B054-31E216FC70BE}.Release|iPhoneSimulator.Build.0 = Release|Any CPU
		{CF6D202F-B7BB-4FB3-AAE9-8F53EF8B1573}.Debug|Any CPU.ActiveCfg = Debug|Any CPU
		{CF6D202F-B7BB-4FB3-AAE9-8F53EF8B1573}.Debug|Any CPU.Build.0 = Debug|Any CPU
		{CF6D202F-B7BB-4FB3-AAE9-8F53EF8B1573}.Debug|Any CPU.Deploy.0 = Debug|Any CPU
		{CF6D202F-B7BB-4FB3-AAE9-8F53EF8B1573}.Debug|iPhone.ActiveCfg = Debug|Any CPU
		{CF6D202F-B7BB-4FB3-AAE9-8F53EF8B1573}.Debug|iPhone.Build.0 = Debug|Any CPU
		{CF6D202F-B7BB-4FB3-AAE9-8F53EF8B1573}.Debug|iPhone.Deploy.0 = Debug|Any CPU
		{CF6D202F-B7BB-4FB3-AAE9-8F53EF8B1573}.Debug|iPhoneSimulator.ActiveCfg = Debug|Any CPU
		{CF6D202F-B7BB-4FB3-AAE9-8F53EF8B1573}.Debug|iPhoneSimulator.Build.0 = Debug|Any CPU
		{CF6D202F-B7BB-4FB3-AAE9-8F53EF8B1573}.Debug|iPhoneSimulator.Deploy.0 = Debug|Any CPU
		{CF6D202F-B7BB-4FB3-AAE9-8F53EF8B1573}.Release|Any CPU.ActiveCfg = Release|Any CPU
		{CF6D202F-B7BB-4FB3-AAE9-8F53EF8B1573}.Release|Any CPU.Build.0 = Release|Any CPU
		{CF6D202F-B7BB-4FB3-AAE9-8F53EF8B1573}.Release|Any CPU.Deploy.0 = Release|Any CPU
		{CF6D202F-B7BB-4FB3-AAE9-8F53EF8B1573}.Release|iPhone.ActiveCfg = Release|Any CPU
		{CF6D202F-B7BB-4FB3-AAE9-8F53EF8B1573}.Release|iPhone.Build.0 = Release|Any CPU
		{CF6D202F-B7BB-4FB3-AAE9-8F53EF8B1573}.Release|iPhone.Deploy.0 = Release|Any CPU
		{CF6D202F-B7BB-4FB3-AAE9-8F53EF8B1573}.Release|iPhoneSimulator.ActiveCfg = Release|Any CPU
		{CF6D202F-B7BB-4FB3-AAE9-8F53EF8B1573}.Release|iPhoneSimulator.Build.0 = Release|Any CPU
		{CF6D202F-B7BB-4FB3-AAE9-8F53EF8B1573}.Release|iPhoneSimulator.Deploy.0 = Release|Any CPU
		{662CDCA7-5750-4FFC-BD10-8E4E3F17950A}.Debug|Any CPU.ActiveCfg = Debug|iPhoneSimulator
		{662CDCA7-5750-4FFC-BD10-8E4E3F17950A}.Debug|Any CPU.Build.0 = Debug|iPhoneSimulator
		{662CDCA7-5750-4FFC-BD10-8E4E3F17950A}.Debug|iPhone.ActiveCfg = Debug|iPhone
		{662CDCA7-5750-4FFC-BD10-8E4E3F17950A}.Debug|iPhone.Build.0 = Debug|iPhone
		{662CDCA7-5750-4FFC-BD10-8E4E3F17950A}.Debug|iPhoneSimulator.ActiveCfg = Debug|iPhoneSimulator
		{662CDCA7-5750-4FFC-BD10-8E4E3F17950A}.Debug|iPhoneSimulator.Build.0 = Debug|iPhoneSimulator
		{662CDCA7-5750-4FFC-BD10-8E4E3F17950A}.Release|Any CPU.ActiveCfg = Release|iPhoneSimulator
		{662CDCA7-5750-4FFC-BD10-8E4E3F17950A}.Release|Any CPU.Build.0 = Release|iPhoneSimulator
		{662CDCA7-5750-4FFC-BD10-8E4E3F17950A}.Release|iPhone.ActiveCfg = Release|iPhone
		{662CDCA7-5750-4FFC-BD10-8E4E3F17950A}.Release|iPhone.Build.0 = Release|iPhone
		{662CDCA7-5750-4FFC-BD10-8E4E3F17950A}.Release|iPhoneSimulator.ActiveCfg = Release|iPhoneSimulator
		{662CDCA7-5750-4FFC-BD10-8E4E3F17950A}.Release|iPhoneSimulator.Build.0 = Release|iPhoneSimulator
		{DA05D0CE-85F9-44D1-8827-D195F2AABCBE}.Debug|Any CPU.ActiveCfg = Debug|Any CPU
		{DA05D0CE-85F9-44D1-8827-D195F2AABCBE}.Debug|Any CPU.Build.0 = Debug|Any CPU
		{DA05D0CE-85F9-44D1-8827-D195F2AABCBE}.Debug|iPhone.ActiveCfg = Debug|Any CPU
		{DA05D0CE-85F9-44D1-8827-D195F2AABCBE}.Debug|iPhone.Build.0 = Debug|Any CPU
		{DA05D0CE-85F9-44D1-8827-D195F2AABCBE}.Debug|iPhoneSimulator.ActiveCfg = Debug|Any CPU
		{DA05D0CE-85F9-44D1-8827-D195F2AABCBE}.Debug|iPhoneSimulator.Build.0 = Debug|Any CPU
		{DA05D0CE-85F9-44D1-8827-D195F2AABCBE}.Release|Any CPU.ActiveCfg = Release|Any CPU
		{DA05D0CE-85F9-44D1-8827-D195F2AABCBE}.Release|Any CPU.Build.0 = Release|Any CPU
		{DA05D0CE-85F9-44D1-8827-D195F2AABCBE}.Release|iPhone.ActiveCfg = Release|Any CPU
		{DA05D0CE-85F9-44D1-8827-D195F2AABCBE}.Release|iPhone.Build.0 = Release|Any CPU
		{DA05D0CE-85F9-44D1-8827-D195F2AABCBE}.Release|iPhoneSimulator.ActiveCfg = Release|Any CPU
		{DA05D0CE-85F9-44D1-8827-D195F2AABCBE}.Release|iPhoneSimulator.Build.0 = Release|Any CPU
	EndGlobalSection
	GlobalSection(SolutionProperties) = preSolution
		HideSolutionNode = FALSE
	EndGlobalSection
	GlobalSection(ExtensibilityGlobals) = postSolution
		SolutionGuid = {450EFDF4-D045-4BF0-A4F0-54FFBE9AFBB2}
	EndGlobalSection
EndGlobal
