
Microsoft Visual Studio Solution File, Format Version 12.00
# Visual Studio Version 17
VisualStudioVersion = 17.4.33122.133
MinimumVisualStudioVersion = 10.0.40219.1
Project("{FAE04EC0-301F-11D3-BF4B-00C04F79EFBC}") = "MobileApp6.Android", "MobileApp6\MobileApp6.Android\MobileApp6.Android.csproj", "{1E15B54A-5154-46E8-995C-EBB331DC0F1C}"
EndProject
Project("{FAE04EC0-301F-11D3-BF4B-00C04F79EFBC}") = "MobileApp6", "MobileApp6\MobileApp6\MobileApp6.csproj", "{4F947D8F-0E4F-4F36-BA46-9C132B17FE0B}"
EndProject
Global
	GlobalSection(SolutionConfigurationPlatforms) = preSolution
		Debug|Any CPU = Debug|Any CPU
		Release|Any CPU = Release|Any CPU
	EndGlobalSection
	GlobalSection(ProjectConfigurationPlatforms) = postSolution
		{1E15B54A-5154-46E8-995C-EBB331DC0F1C}.Debug|Any CPU.ActiveCfg = Debug|Any CPU
		{1E15B54A-5154-46E8-995C-EBB331DC0F1C}.Debug|Any CPU.Build.0 = Debug|Any CPU
		{1E15B54A-5154-46E8-995C-EBB331DC0F1C}.Debug|Any CPU.Deploy.0 = Debug|Any CPU
		{1E15B54A-5154-46E8-995C-EBB331DC0F1C}.Release|Any CPU.ActiveCfg = Release|Any CPU
		{1E15B54A-5154-46E8-995C-EBB331DC0F1C}.Release|Any CPU.Build.0 = Release|Any CPU
		{1E15B54A-5154-46E8-995C-EBB331DC0F1C}.Release|Any CPU.Deploy.0 = Release|Any CPU
		{4F947D8F-0E4F-4F36-BA46-9C132B17FE0B}.Debug|Any CPU.ActiveCfg = Debug|Any CPU
		{4F947D8F-0E4F-4F36-BA46-9C132B17FE0B}.Debug|Any CPU.Build.0 = Debug|Any CPU
		{4F947D8F-0E4F-4F36-BA46-9C132B17FE0B}.Debug|Any CPU.Deploy.0 = Debug|Any CPU
		{4F947D8F-0E4F-4F36-BA46-9C132B17FE0B}.Release|Any CPU.ActiveCfg = Release|Any CPU
		{4F947D8F-0E4F-4F36-BA46-9C132B17FE0B}.Release|Any CPU.Build.0 = Release|Any CPU
		{4F947D8F-0E4F-4F36-BA46-9C132B17FE0B}.Release|Any CPU.Deploy.0 = Release|Any CPU
	EndGlobalSection
	GlobalSection(SolutionProperties) = preSolution
		HideSolutionNode = FALSE
	EndGlobalSection
	GlobalSection(ExtensibilityGlobals) = postSolution
		SolutionGuid = {A0BBADD0-34C3-47CD-99BE-C7A51B95BF96}
	EndGlobalSection
EndGlobal
